// !$*UTF8*$!
{
	archiveVersion = 1;
	classes = {
	};
	objectVersion = 56;
	objects = {

/* Begin PBXBuildFile section */
		A1000001000000000000001 /* OrbitApp.swift in Sources */ = {isa = PBXBuildFile; fileRef = A1000002000000000000001 /* OrbitApp.swift */; };
		A1000005000000000000001 /* Theme.swift in Sources */ = {isa = PBXBuildFile; fileRef = A1000006000000000000001 /* Theme.swift */; };
		A1000007000000000000001 /* DataModels.swift in Sources */ = {isa = PBXBuildFile; fileRef = A1000008000000000000001 /* DataModels.swift */; };
		B1000001000000000000001 /* DependencyContainer.swift in Sources */ = {isa = PBXBuildFile; fileRef = B1000002000000000000001 /* DependencyContainer.swift */; };
		B1000003000000000000001 /* AppConfiguration.swift in Sources */ = {isa = PBXBuildFile; fileRef = B1000004000000000000001 /* AppConfiguration.swift */; };
		B1000005000000000000001 /* Soundscape.swift in Sources */ = {isa = PBXBuildFile; fileRef = B1000006000000000000001 /* Soundscape.swift */; };
		B1000011000000000000001 /* TimerServiceProtocol.swift in Sources */ = {isa = PBXBuildFile; fileRef = B1000012000000000000001 /* TimerServiceProtocol.swift */; };
		B1000013000000000000001 /* SessionRepositoryProtocol.swift in Sources */ = {isa = PBXBuildFile; fileRef = B1000014000000000000001 /* SessionRepositoryProtocol.swift */; };
		B1000015000000000000001 /* TaskRepositoryProtocol.swift in Sources */ = {isa = PBXBuildFile; fileRef = B1000016000000000000001 /* TaskRepositoryProtocol.swift */; };
		B1000017000000000000001 /* AudioServiceProtocol.swift in Sources */ = {isa = PBXBuildFile; fileRef = B1000018000000000000001 /* AudioServiceProtocol.swift */; };
		B1000019000000000000001 /* SessionRepository.swift in Sources */ = {isa = PBXBuildFile; fileRef = B1000020000000000000001 /* SessionRepository.swift */; };
		B1000021000000000000001 /* TaskRepository.swift in Sources */ = {isa = PBXBuildFile; fileRef = B1000022000000000000001 /* TaskRepository.swift */; };
		B1000023000000000000001 /* TimerService.swift in Sources */ = {isa = PBXBuildFile; fileRef = B1000024000000000000001 /* TimerService.swift */; };
		B1000025000000000000001 /* AudioService.swift in Sources */ = {isa = PBXBuildFile; fileRef = B1000026000000000000001 /* AudioService.swift */; };
		B1000027000000000000001 /* BioRhythmService.swift in Sources */ = {isa = PBXBuildFile; fileRef = B1000028000000000000001 /* BioRhythmService.swift */; };
		B1000031000000000000001 /* TabButton.swift in Sources */ = {isa = PBXBuildFile; fileRef = B1000032000000000000001 /* TabButton.swift */; };
		B1000033000000000000001 /* SoundButton.swift in Sources */ = {isa = PBXBuildFile; fileRef = B1000034000000000000001 /* SoundButton.swift */; };
		B1000035000000000000001 /* VolumeSlider.swift in Sources */ = {isa = PBXBuildFile; fileRef = B1000036000000000000001 /* VolumeSlider.swift */; };
		B1000037000000000000001 /* ProgressRing.swift in Sources */ = {isa = PBXBuildFile; fileRef = B1000038000000000000001 /* ProgressRing.swift */; };
		B1000041000000000000001 /* MainViewModel.swift in Sources */ = {isa = PBXBuildFile; fileRef = B1000042000000000000001 /* MainViewModel.swift */; };
		B1000043000000000000001 /* PopoverContentView.swift in Sources */ = {isa = PBXBuildFile; fileRef = B1000044000000000000001 /* PopoverContentView.swift */; };
		B1000045000000000000001 /* ControlsView.swift in Sources */ = {isa = PBXBuildFile; fileRef = B1000046000000000000001 /* ControlsView.swift */; };
		B1000047000000000000001 /* ControlsViewModel.swift in Sources */ = {isa = PBXBuildFile; fileRef = B1000048000000000000001 /* ControlsViewModel.swift */; };
		B1000049000000000000001 /* TasksView.swift in Sources */ = {isa = PBXBuildFile; fileRef = B1000050000000000000001 /* TasksView.swift */; };
		B1000051000000000000001 /* TasksViewModel.swift in Sources */ = {isa = PBXBuildFile; fileRef = B1000052000000000000001 /* TasksViewModel.swift */; };
		B1000053000000000000001 /* StatsView.swift in Sources */ = {isa = PBXBuildFile; fileRef = B1000054000000000000001 /* StatsView.swift */; };
		B1000055000000000000001 /* StatsViewModel.swift in Sources */ = {isa = PBXBuildFile; fileRef = B1000056000000000000001 /* StatsViewModel.swift */; };
/* End PBXBuildFile section */

/* Begin PBXFileReference section */
		A1000000000000000000001 /* Orbit.app */ = {isa = PBXFileReference; explicitFileType = wrapper.application; includeInIndex = 0; path = Orbit.app; sourceTree = BUILT_PRODUCTS_DIR; };
		A1000002000000000000001 /* OrbitApp.swift */ = {isa = PBXFileReference; lastKnownFileType = sourcecode.swift; path = OrbitApp.swift; sourceTree = "<group>"; };
		A1000006000000000000001 /* Theme.swift */ = {isa = PBXFileReference; lastKnownFileType = sourcecode.swift; path = Theme.swift; sourceTree = "<group>"; };
		A1000008000000000000001 /* DataModels.swift */ = {isa = PBXFileReference; lastKnownFileType = sourcecode.swift; path = DataModels.swift; sourceTree = "<group>"; };
		A1000019000000000000001 /* Orbit.entitlements */ = {isa = PBXFileReference; lastKnownFileType = text.plist.entitlements; path = Orbit.entitlements; sourceTree = "<group>"; };
		B1000002000000000000001 /* DependencyContainer.swift */ = {isa = PBXFileReference; lastKnownFileType = sourcecode.swift; path = DependencyContainer.swift; sourceTree = "<group>"; };
		B1000004000000000000001 /* AppConfiguration.swift */ = {isa = PBXFileReference; lastKnownFileType = sourcecode.swift; path = AppConfiguration.swift; sourceTree = "<group>"; };
		B1000006000000000000001 /* Soundscape.swift */ = {isa = PBXFileReference; lastKnownFileType = sourcecode.swift; path = Soundscape.swift; sourceTree = "<group>"; };
		B1000012000000000000001 /* TimerServiceProtocol.swift */ = {isa = PBXFileReference; lastKnownFileType = sourcecode.swift; path = TimerServiceProtocol.swift; sourceTree = "<group>"; };
		B1000014000000000000001 /* SessionRepositoryProtocol.swift */ = {isa = PBXFileReference; lastKnownFileType = sourcecode.swift; path = SessionRepositoryProtocol.swift; sourceTree = "<group>"; };
		B1000016000000000000001 /* TaskRepositoryProtocol.swift */ = {isa = PBXFileReference; lastKnownFileType = sourcecode.swift; path = TaskRepositoryProtocol.swift; sourceTree = "<group>"; };
		B1000018000000000000001 /* AudioServiceProtocol.swift */ = {isa = PBXFileReference; lastKnownFileType = sourcecode.swift; path = AudioServiceProtocol.swift; sourceTree = "<group>"; };
		B1000020000000000000001 /* SessionRepository.swift */ = {isa = PBXFileReference; lastKnownFileType = sourcecode.swift; path = SessionRepository.swift; sourceTree = "<group>"; };
		B1000022000000000000001 /* TaskRepository.swift */ = {isa = PBXFileReference; lastKnownFileType = sourcecode.swift; path = TaskRepository.swift; sourceTree = "<group>"; };
		B1000024000000000000001 /* TimerService.swift */ = {isa = PBXFileReference; lastKnownFileType = sourcecode.swift; path = TimerService.swift; sourceTree = "<group>"; };
		B1000026000000000000001 /* AudioService.swift */ = {isa = PBXFileReference; lastKnownFileType = sourcecode.swift; path = AudioService.swift; sourceTree = "<group>"; };
		B1000028000000000000001 /* BioRhythmService.swift */ = {isa = PBXFileReference; lastKnownFileType = sourcecode.swift; path = BioRhythmService.swift; sourceTree = "<group>"; };
		B1000032000000000000001 /* TabButton.swift */ = {isa = PBXFileReference; lastKnownFileType = sourcecode.swift; path = TabButton.swift; sourceTree = "<group>"; };
		B1000034000000000000001 /* SoundButton.swift */ = {isa = PBXFileReference; lastKnownFileType = sourcecode.swift; path = SoundButton.swift; sourceTree = "<group>"; };
		B1000036000000000000001 /* VolumeSlider.swift */ = {isa = PBXFileReference; lastKnownFileType = sourcecode.swift; path = VolumeSlider.swift; sourceTree = "<group>"; };
		B1000038000000000000001 /* ProgressRing.swift */ = {isa = PBXFileReference; lastKnownFileType = sourcecode.swift; path = ProgressRing.swift; sourceTree = "<group>"; };
		B1000042000000000000001 /* MainViewModel.swift */ = {isa = PBXFileReference; lastKnownFileType = sourcecode.swift; path = MainViewModel.swift; sourceTree = "<group>"; };
		B1000044000000000000001 /* PopoverContentView.swift */ = {isa = PBXFileReference; lastKnownFileType = sourcecode.swift; path = PopoverContentView.swift; sourceTree = "<group>"; };
		B1000046000000000000001 /* ControlsView.swift */ = {isa = PBXFileReference; lastKnownFileType = sourcecode.swift; path = ControlsView.swift; sourceTree = "<group>"; };
		B1000048000000000000001 /* ControlsViewModel.swift */ = {isa = PBXFileReference; lastKnownFileType = sourcecode.swift; path = ControlsViewModel.swift; sourceTree = "<group>"; };
		B1000050000000000000001 /* TasksView.swift */ = {isa = PBXFileReference; lastKnownFileType = sourcecode.swift; path = TasksView.swift; sourceTree = "<group>"; };
		B1000052000000000000001 /* TasksViewModel.swift */ = {isa = PBXFileReference; lastKnownFileType = sourcecode.swift; path = TasksViewModel.swift; sourceTree = "<group>"; };
		B1000054000000000000001 /* StatsView.swift */ = {isa = PBXFileReference; lastKnownFileType = sourcecode.swift; path = StatsView.swift; sourceTree = "<group>"; };
		B1000056000000000000001 /* StatsViewModel.swift */ = {isa = PBXFileReference; lastKnownFileType = sourcecode.swift; path = StatsViewModel.swift; sourceTree = "<group>"; };
/* End PBXFileReference section */

/* Begin PBXFrameworksBuildPhase section */
		A1FFFFFF000000000000001 /* Frameworks */ = {
			isa = PBXFrameworksBuildPhase;
			buildActionMask = 2147483647;
			files = (
			);
			runOnlyForDeploymentPostprocessing = 0;
		};
/* End PBXFrameworksBuildPhase section */

/* Begin PBXGroup section */
		A1FFFFFE000000000000001 = {
			isa = PBXGroup;
			children = (
				A1FFFFFD000000000000001 /* Orbit */,
				A1FFFFFC000000000000001 /* Products */,
			);
			sourceTree = "<group>";
		};
		A1FFFFFC000000000000001 /* Products */ = {
			isa = PBXGroup;
			children = (
				A1000000000000000000001 /* Orbit.app */,
			);
			name = Products;
			sourceTree = "<group>";
		};
		A1FFFFFD000000000000001 /* Orbit */ = {
			isa = PBXGroup;
			children = (
				A1000019000000000000001 /* Orbit.entitlements */,
				A1FFFFFB000000000000001 /* App */,
				A1FFFFFA000000000000001 /* Core */,
				A1FFFFF9000000000000001 /* Model */,
				C1000001000000000000001 /* Presentation */,
			);
			path = Orbit;
			sourceTree = "<group>";
		};
		A1FFFFFB000000000000001 /* App */ = {
			isa = PBXGroup;
			children = (
				A1000002000000000000001 /* OrbitApp.swift */,
				B1000002000000000000001 /* DependencyContainer.swift */,
			);
			path = App;
			sourceTree = "<group>";
		};
		A1FFFFFA000000000000001 /* Core */ = {
			isa = PBXGroup;
			children = (
				A1000006000000000000001 /* Theme.swift */,
				C1000002000000000000001 /* Configuration */,
				C1000003000000000000001 /* Domain */,
				C1000004000000000000001 /* Data */,
				C1000005000000000000001 /* Services */,
			);
			path = Core;
			sourceTree = "<group>";
		};
		A1FFFFF9000000000000001 /* Model */ = {
			isa = PBXGroup;
			children = (
				A1000008000000000000001 /* DataModels.swift */,
			);
			path = Model;
			sourceTree = "<group>";
		};
		C1000001000000000000001 /* Presentation */ = {
			isa = PBXGroup;
			children = (
				C1000006000000000000001 /* Components */,
				C1000007000000000000001 /* Screens */,
			);
			path = Presentation;
			sourceTree = "<group>";
		};
		C1000002000000000000001 /* Configuration */ = {
			isa = PBXGroup;
			children = (
				B1000004000000000000001 /* AppConfiguration.swift */,
			);
			path = Configuration;
			sourceTree = "<group>";
		};
		C1000003000000000000001 /* Domain */ = {
			isa = PBXGroup;
			children = (
				C1000008000000000000001 /* Models */,
				C1000009000000000000001 /* Protocols */,
			);
			path = Domain;
			sourceTree = "<group>";
		};
		C1000004000000000000001 /* Data */ = {
			isa = PBXGroup;
			children = (
				C1000010000000000000001 /* Repositories */,
			);
			path = Data;
			sourceTree = "<group>";
		};
		C1000005000000000000001 /* Services */ = {
			isa = PBXGroup;
			children = (
				B1000024000000000000001 /* TimerService.swift */,
				B1000026000000000000001 /* AudioService.swift */,
				B1000028000000000000001 /* BioRhythmService.swift */,
			);
			path = Services;
			sourceTree = "<group>";
		};
		C1000006000000000000001 /* Components */ = {
			isa = PBXGroup;
			children = (
				C1000011000000000000001 /* Buttons */,
				C1000012000000000000001 /* Controls */,
			);
			path = Components;
			sourceTree = "<group>";
		};
		C1000007000000000000001 /* Screens */ = {
			isa = PBXGroup;
			children = (
				C1000014000000000000001 /* Main */,
				C1000015000000000000001 /* Controls */,
				C1000016000000000000001 /* Tasks */,
				C1000017000000000000001 /* Stats */,
			);
			path = Screens;
			sourceTree = "<group>";
		};
		C1000008000000000000001 /* Models */ = {
			isa = PBXGroup;
			children = (
				B1000006000000000000001 /* Soundscape.swift */,
			);
			path = Models;
			sourceTree = "<group>";
		};
		C1000009000000000000001 /* Protocols */ = {
			isa = PBXGroup;
			children = (
				B1000012000000000000001 /* TimerServiceProtocol.swift */,
				B1000014000000000000001 /* SessionRepositoryProtocol.swift */,
				B1000016000000000000001 /* TaskRepositoryProtocol.swift */,
				B1000018000000000000001 /* AudioServiceProtocol.swift */,
			);
			path = Protocols;
			sourceTree = "<group>";
		};
		C1000010000000000000001 /* Repositories */ = {
			isa = PBXGroup;
			children = (
				B1000020000000000000001 /* SessionRepository.swift */,
				B1000022000000000000001 /* TaskRepository.swift */,
			);
			path = Repositories;
			sourceTree = "<group>";
		};
		C1000011000000000000001 /* Buttons */ = {
			isa = PBXGroup;
			children = (
				B1000032000000000000001 /* TabButton.swift */,
				B1000034000000000000001 /* SoundButton.swift */,
			);
			path = Buttons;
			sourceTree = "<group>";
		};
		C1000012000000000000001 /* Controls */ = {
			isa = PBXGroup;
			children = (
				B1000036000000000000001 /* VolumeSlider.swift */,
				B1000038000000000000001 /* ProgressRing.swift */,
			);
			path = Controls;
			sourceTree = "<group>";
		};
		C1000014000000000000001 /* Main */ = {
			isa = PBXGroup;
			children = (
				B1000042000000000000001 /* MainViewModel.swift */,
				B1000044000000000000001 /* PopoverContentView.swift */,
			);
			path = Main;
			sourceTree = "<group>";
		};
		C1000015000000000000001 /* Controls */ = {
			isa = PBXGroup;
			children = (
				B1000046000000000000001 /* ControlsView.swift */,
				B1000048000000000000001 /* ControlsViewModel.swift */,
			);
			path = Controls;
			sourceTree = "<group>";
		};
		C1000016000000000000001 /* Tasks */ = {
			isa = PBXGroup;
			children = (
				B1000050000000000000001 /* TasksView.swift */,
				B1000052000000000000001 /* TasksViewModel.swift */,
			);
			path = Tasks;
			sourceTree = "<group>";
		};
		C1000017000000000000001 /* Stats */ = {
			isa = PBXGroup;
			children = (
				B1000054000000000000001 /* StatsView.swift */,
				B1000056000000000000001 /* StatsViewModel.swift */,
			);
			path = Stats;
			sourceTree = "<group>";
		};
/* End PBXGroup section */

/* Begin PBXNativeTarget section */
		A1FFFFFFFF00000000000001 /* Orbit */ = {
			isa = PBXNativeTarget;
			buildConfigurationList = A1FFFFFFFE00000000000001 /* Build configuration list for PBXNativeTarget "Orbit" */;
			buildPhases = (
				A1FFFFFFFC00000000000001 /* Sources */,
				A1FFFFFF000000000000001 /* Frameworks */,
				A1FFFFFFFD00000000000001 /* Resources */,
			);
			buildRules = (
			);
			dependencies = (
			);
			name = Orbit;
			productName = Orbit;
			productReference = A1000000000000000000001 /* Orbit.app */;
			productType = "com.apple.product-type.application";
		};
/* End PBXNativeTarget section */

/* Begin PBXProject section */
		A1FFFFFFFFFFFFFF00000001 /* Project object */ = {
			isa = PBXProject;
			attributes = {
				BuildIndependentTargetsInParallel = 1;
				LastSwiftUpdateCheck = 1500;
				LastUpgradeCheck = 1500;
				TargetAttributes = {
					A1FFFFFFFF00000000000001 = {
						CreatedOnToolsVersion = 15.0;
					};
				};
			};
			buildConfigurationList = A1FFFFFFFFFFFFFFFF0000001 /* Build configuration list for PBXProject "Orbit" */;
			compatibilityVersion = "Xcode 14.0";
			developmentRegion = en;
			hasScannedForEncodings = 0;
			knownRegions = (
				en,
				Base,
			);
			mainGroup = A1FFFFFE000000000000001;
			productRefGroup = A1FFFFFC000000000000001 /* Products */;
			projectDirPath = "";
			projectRoot = "";
			targets = (
				A1FFFFFFFF00000000000001 /* Orbit */,
			);
		};
/* End PBXProject section */

/* Begin PBXResourcesBuildPhase section */
		A1FFFFFFFD00000000000001 /* Resources */ = {
			isa = PBXResourcesBuildPhase;
			buildActionMask = 2147483647;
			files = (
			);
			runOnlyForDeploymentPostprocessing = 0;
		};
/* End PBXResourcesBuildPhase section */

/* Begin PBXSourcesBuildPhase section */
		A1FFFFFFFC00000000000001 /* Sources */ = {
			isa = PBXSourcesBuildPhase;
			buildActionMask = 2147483647;
			files = (
				A1000001000000000000001 /* OrbitApp.swift in Sources */,
				A1000005000000000000001 /* Theme.swift in Sources */,
				A1000007000000000000001 /* DataModels.swift in Sources */,
				B1000001000000000000001 /* DependencyContainer.swift in Sources */,
				B1000003000000000000001 /* AppConfiguration.swift in Sources */,
				B1000005000000000000001 /* Soundscape.swift in Sources */,
				B1000011000000000000001 /* TimerServiceProtocol.swift in Sources */,
				B1000013000000000000001 /* SessionRepositoryProtocol.swift in Sources */,
				B1000015000000000000001 /* TaskRepositoryProtocol.swift in Sources */,
				B1000017000000000000001 /* AudioServiceProtocol.swift in Sources */,
				B1000019000000000000001 /* SessionRepository.swift in Sources */,
				B1000021000000000000001 /* TaskRepository.swift in Sources */,
				B1000023000000000000001 /* TimerService.swift in Sources */,
				B1000025000000000000001 /* AudioService.swift in Sources */,
				B1000027000000000000001 /* BioRhythmService.swift in Sources */,
				B1000031000000000000001 /* TabButton.swift in Sources */,
				B1000033000000000000001 /* SoundButton.swift in Sources */,
				B1000035000000000000001 /* VolumeSlider.swift in Sources */,
				B1000037000000000000001 /* ProgressRing.swift in Sources */,
				B1000041000000000000001 /* MainViewModel.swift in Sources */,
				B1000043000000000000001 /* PopoverContentView.swift in Sources */,
				B1000045000000000000001 /* ControlsView.swift in Sources */,
				B1000047000000000000001 /* ControlsViewModel.swift in Sources */,
				B1000049000000000000001 /* TasksView.swift in Sources */,
				B1000051000000000000001 /* TasksViewModel.swift in Sources */,
				B1000053000000000000001 /* StatsView.swift in Sources */,
				B1000055000000000000001 /* StatsViewModel.swift in Sources */,
			);
			runOnlyForDeploymentPostprocessing = 0;
		};
/* End PBXSourcesBuildPhase section */

/* Begin XCBuildConfiguration section */
		A1FFFFFFFFFFFFFFFE0000001 /* Debug */ = {
			isa = XCBuildConfiguration;
			buildSettings = {
				ALWAYS_SEARCH_USER_PATHS = NO;
				ASSETCATALOG_COMPILER_GENERATE_SWIFT_ASSET_SYMBOL_EXTENSIONS = YES;
				CLANG_ANALYZER_NONNULL = YES;
				CLANG_ANALYZER_NUMBER_OBJECT_CONVERSION = YES_AGGRESSIVE;
				CLANG_CXX_LANGUAGE_STANDARD = "gnu++20";
				CLANG_ENABLE_MODULES = YES;
				CLANG_ENABLE_OBJC_ARC = YES;
				CLANG_ENABLE_OBJC_WEAK = YES;
				CLANG_WARN_BLOCK_CAPTURE_AUTORELEASING = YES;
				CLANG_WARN_BOOL_CONVERSION = YES;
				CLANG_WARN_COMMA = YES;
				CLANG_WARN_CONSTANT_CONVERSION = YES;
				CLANG_WARN_DEPRECATED_OBJC_IMPLEMENTATIONS = YES;
				CLANG_WARN_DIRECT_OBJC_ISA_USAGE = YES_ERROR;
				CLANG_WARN_DOCUMENTATION_COMMENTS = YES;
				CLANG_WARN_EMPTY_BODY = YES;
				CLANG_WARN_ENUM_CONVERSION = YES;
				CLANG_WARN_INFINITE_RECURSION = YES;
				CLANG_WARN_INT_CONVERSION = YES;
				CLANG_WARN_NON_LITERAL_NULL_CONVERSION = YES;
				CLANG_WARN_OBJC_IMPLICIT_RETAIN_SELF = YES;
				CLANG_WARN_OBJC_LITERAL_CONVERSION = YES;
				CLANG_WARN_OBJC_ROOT_CLASS = YES_ERROR;
				CLANG_WARN_QUOTED_INCLUDE_IN_FRAMEWORK_HEADER = YES;
				CLANG_WARN_RANGE_LOOP_ANALYSIS = YES;
				CLANG_WARN_STRICT_PROTOTYPES = YES;
				CLANG_WARN_SUSPICIOUS_MOVE = YES;
				CLANG_WARN_UNGUARDED_AVAILABILITY = YES_AGGRESSIVE;
				CLANG_WARN_UNREACHABLE_CODE = YES;
				CLANG_WARN__DUPLICATE_METHOD_MATCH = YES;
				COPY_PHASE_STRIP = NO;
				DEBUG_INFORMATION_FORMAT = dwarf;
				ENABLE_STRICT_OBJC_MSGSEND = YES;
				ENABLE_TESTABILITY = YES;
				ENABLE_USER_SCRIPT_SANDBOXING = YES;
				GCC_C_LANGUAGE_STANDARD = gnu17;
				GCC_DYNAMIC_NO_PIC = NO;
				GCC_NO_COMMON_BLOCKS = YES;
				GCC_OPTIMIZATION_LEVEL = 0;
				GCC_PREPROCESSOR_DEFINITIONS = (
					"DEBUG=1",
					"$(inherited)",
				);
				GCC_WARN_64_TO_32_BIT_CONVERSION = YES;
				GCC_WARN_ABOUT_RETURN_TYPE = YES_ERROR;
				GCC_WARN_UNDECLARED_SELECTOR = YES;
				GCC_WARN_UNINITIALIZED_AUTOS = YES_AGGRESSIVE;
				GCC_WARN_UNUSED_FUNCTION = YES;
				GCC_WARN_UNUSED_VARIABLE = YES;
				LOCALIZATION_PREFERS_STRING_CATALOGS = YES;
				MACOSX_DEPLOYMENT_TARGET = 14.0;
				MTL_ENABLE_DEBUG_INFO = INCLUDE_SOURCE;
				MTL_FAST_MATH = YES;
				ONLY_ACTIVE_ARCH = YES;
				SDKROOT = macosx;
				SWIFT_ACTIVE_COMPILATION_CONDITIONS = "DEBUG $(inherited)";
				SWIFT_OPTIMIZATION_LEVEL = "-Onone";
			};
			name = Debug;
		};
		A1FFFFFFFFFFFFFFFFFFFF001 /* Release */ = {
			isa = XCBuildConfiguration;
			buildSettings = {
				ALWAYS_SEARCH_USER_PATHS = NO;
				ASSETCATALOG_COMPILER_GENERATE_SWIFT_ASSET_SYMBOL_EXTENSIONS = YES;
				CLANG_ANALYZER_NONNULL = YES;
				CLANG_ANALYZER_NUMBER_OBJECT_CONVERSION = YES_AGGRESSIVE;
				CLANG_CXX_LANGUAGE_STANDARD = "gnu++20";
				CLANG_ENABLE_MODULES = YES;
				CLANG_ENABLE_OBJC_ARC = YES;
				CLANG_ENABLE_OBJC_WEAK = YES;
				CLANG_WARN_BLOCK_CAPTURE_AUTORELEASING = YES;
				CLANG_WARN_BOOL_CONVERSION = YES;
				CLANG_WARN_COMMA = YES;
				CLANG_WARN_CONSTANT_CONVERSION = YES;
				CLANG_WARN_DEPRECATED_OBJC_IMPLEMENTATIONS = YES;
				CLANG_WARN_DIRECT_OBJC_ISA_USAGE = YES_ERROR;
				CLANG_WARN_DOCUMENTATION_COMMENTS = YES;
				CLANG_WARN_EMPTY_BODY = YES;
				CLANG_WARN_ENUM_CONVERSION = YES;
				CLANG_WARN_INFINITE_RECURSION = YES;
				CLANG_WARN_INT_CONVERSION = YES;
				CLANG_WARN_NON_LITERAL_NULL_CONVERSION = YES;
				CLANG_WARN_OBJC_IMPLICIT_RETAIN_SELF = YES;
				CLANG_WARN_OBJC_LITERAL_CONVERSION = YES;
				CLANG_WARN_OBJC_ROOT_CLASS = YES_ERROR;
				CLANG_WARN_QUOTED_INCLUDE_IN_FRAMEWORK_HEADER = YES;
				CLANG_WARN_RANGE_LOOP_ANALYSIS = YES;
				CLANG_WARN_STRICT_PROTOTYPES = YES;
				CLANG_WARN_SUSPICIOUS_MOVE = YES;
				CLANG_WARN_UNGUARDED_AVAILABILITY = YES_AGGRESSIVE;
				CLANG_WARN_UNREACHABLE_CODE = YES;
				CLANG_WARN__DUPLICATE_METHOD_MATCH = YES;
				COPY_PHASE_STRIP = NO;
				DEBUG_INFORMATION_FORMAT = "dwarf-with-dsym";
				ENABLE_NS_ASSERTIONS = NO;
				ENABLE_STRICT_OBJC_MSGSEND = YES;
				ENABLE_USER_SCRIPT_SANDBOXING = YES;
				GCC_C_LANGUAGE_STANDARD = gnu17;
				GCC_NO_COMMON_BLOCKS = YES;
				GCC_WARN_64_TO_32_BIT_CONVERSION = YES;
				GCC_WARN_ABOUT_RETURN_TYPE = YES_ERROR;
				GCC_WARN_UNDECLARED_SELECTOR = YES;
				GCC_WARN_UNINITIALIZED_AUTOS = YES_AGGRESSIVE;
				GCC_WARN_UNUSED_FUNCTION = YES;
				GCC_WARN_UNUSED_VARIABLE = YES;
				LOCALIZATION_PREFERS_STRING_CATALOGS = YES;
				MACOSX_DEPLOYMENT_TARGET = 14.0;
				MTL_ENABLE_DEBUG_INFO = NO;
				MTL_FAST_MATH = YES;
				SDKROOT = macosx;
				SWIFT_COMPILATION_MODE = wholemodule;
			};
			name = Release;
		};
		A1FFFFFFFFFFFFFFFD0000001 /* Debug */ = {
			isa = XCBuildConfiguration;
			buildSettings = {
				ASSETCATALOG_COMPILER_APPICON_NAME = AppIcon;
				ASSETCATALOG_COMPILER_GLOBAL_ACCENT_COLOR_NAME = AccentColor;
				CODE_SIGN_ENTITLEMENTS = Orbit/Orbit.entitlements;
				CODE_SIGN_STYLE = Automatic;
				COMBINE_HIDPI_IMAGES = YES;
				CURRENT_PROJECT_VERSION = 1;
				DEVELOPMENT_TEAM = "";
				ENABLE_HARDENED_RUNTIME = YES;
				GENERATE_INFOPLIST_FILE = YES;
				INFOPLIST_KEY_LSApplicationCategoryType = "public.app-category.productivity";
				INFOPLIST_KEY_LSUIElement = YES;
				INFOPLIST_KEY_NSHumanReadableCopyright = "";
				LD_RUNPATH_SEARCH_PATHS = (
					"$(inherited)",
					"@executable_path/../Frameworks",
				);
				MARKETING_VERSION = 1.0;
				PRODUCT_BUNDLE_IDENTIFIER = com.orbit.app;
				PRODUCT_NAME = "$(TARGET_NAME)";
				SWIFT_EMIT_LOC_STRINGS = YES;
				SWIFT_VERSION = 5.0;
			};
			name = Debug;
		};
		A1FFFFFFFFFFFFFFFC0000001 /* Release */ = {
			isa = XCBuildConfiguration;
			buildSettings = {
				ASSETCATALOG_COMPILER_APPICON_NAME = AppIcon;
				ASSETCATALOG_COMPILER_GLOBAL_ACCENT_COLOR_NAME = AccentColor;
				CODE_SIGN_ENTITLEMENTS = Orbit/Orbit.entitlements;
				CODE_SIGN_STYLE = Automatic;
				COMBINE_HIDPI_IMAGES = YES;
				CURRENT_PROJECT_VERSION = 1;
				DEVELOPMENT_TEAM = "";
				ENABLE_HARDENED_RUNTIME = YES;
				GENERATE_INFOPLIST_FILE = YES;
				INFOPLIST_KEY_LSApplicationCategoryType = "public.app-category.productivity";
				INFOPLIST_KEY_LSUIElement = YES;
				INFOPLIST_KEY_NSHumanReadableCopyright = "";
				LD_RUNPATH_SEARCH_PATHS = (
					"$(inherited)",
					"@executable_path/../Frameworks",
				);
				MARKETING_VERSION = 1.0;
				PRODUCT_BUNDLE_IDENTIFIER = com.orbit.app;
				PRODUCT_NAME = "$(TARGET_NAME)";
				SWIFT_EMIT_LOC_STRINGS = YES;
				SWIFT_VERSION = 5.0;
			};
			name = Release;
		};
/* End XCBuildConfiguration section */

/* Begin XCConfigurationList section */
		A1FFFFFFFFFFFFFFFF0000001 /* Build configuration list for PBXProject "Orbit" */ = {
			isa = XCConfigurationList;
			buildConfigurations = (
				A1FFFFFFFFFFFFFFFE0000001 /* Debug */,
				A1FFFFFFFFFFFFFFFFFFFF001 /* Release */,
			);
			defaultConfigurationIsVisible = 0;
			defaultConfigurationName = Release;
		};
		A1FFFFFFFE00000000000001 /* Build configuration list for PBXNativeTarget "Orbit" */ = {
			isa = XCConfigurationList;
			buildConfigurations = (
				A1FFFFFFFFFFFFFFFD0000001 /* Debug */,
				A1FFFFFFFFFFFFFFFC0000001 /* Release */,
			);
			defaultConfigurationIsVisible = 0;
			defaultConfigurationName = Release;
		};
/* End XCConfigurationList section */
	};
	rootObject = A1FFFFFFFFFFFFFF00000001 /* Project object */;
}
